
Microsoft Visual Studio Solution File, Format Version 12.00
# Visual Studio Version 16
VisualStudioVersion = 16.0.30804.86
MinimumVisualStudioVersion = 10.0.40219.1
Project("{FAE04EC0-301F-11D3-BF4B-00C04F79EFBC}") = "StudentRecords", "StudentRecords.csproj", "{E91A1C1A-DB30-4494-A51B-04AB3DAFED43}"
EndProject
Global
	GlobalSection(SolutionConfigurationPlatforms) = preSolution
		Debug|Any CPU = Debug|Any CPU
		Release|Any CPU = Release|Any CPU
	EndGlobalSection
	GlobalSection(ProjectConfigurationPlatforms) = postSolution
		{E91A1C1A-DB30-4494-A51B-04AB3DAFED43}.Debug|Any CPU.ActiveCfg = Debug|Any CPU
		{E91A1C1A-DB30-4494-A51B-04AB3DAFED43}.Debug|Any CPU.Build.0 = Debug|Any CPU
		{E91A1C1A-DB30-4494-A51B-04AB3DAFED43}.Release|Any CPU.ActiveCfg = Release|Any CPU
		{E91A1C1A-DB30-4494-A51B-04AB3DAFED43}.Release|Any CPU.Build.0 = Release|Any CPU
	EndGlobalSection
	GlobalSection(SolutionProperties) = preSolution
		HideSolutionNode = FALSE
	EndGlobalSection
	GlobalSection(ExtensibilityGlobals) = postSolution
		SolutionGuid = {F67B1068-6A97-4D99-91B8-E9703350B34D}
	EndGlobalSection
EndGlobal
